# This file is automatically @generated by Poetry 1.6.1 and should not be changed by hand.

[[package]]
name = "awscrt"
version = "0.19.1"
description = "A common runtime for AWS Python projects"
optional = false
python-versions = ">=3.7"
files = [
    {file = "awscrt-0.19.1-cp310-cp310-macosx_10_9_universal2.whl", hash = "sha256:4ba1298574d0948746c4d77862041da8a01960ac6c043390309c6874d4dfc919"},
    {file = "awscrt-0.19.1-cp310-cp310-manylinux_2_17_aarch64.manylinux2014_aarch64.whl", hash = "sha256:b0f27367c2e4ed7ab8682ab04abf5e458c1bc2ef52683a14ca04a88a671f0c3b"},
    {file = "awscrt-0.19.1-cp310-cp310-manylinux_2_17_x86_64.manylinux2014_x86_64.whl", hash = "sha256:e8d06ee922e5dd81e610a35b23f526dec45f5856fa94538725a8b7592296aff0"},
    {file = "awscrt-0.19.1-cp310-cp310-musllinux_1_1_aarch64.whl", hash = "sha256:13b7b2e53a060ebf81b2f872e91ffe1477cf00e7f05355be813cd9577d894cfb"},
    {file = "awscrt-0.19.1-cp310-cp310-musllinux_1_1_x86_64.whl", hash = "sha256:ad83fd61c86a8f4ca22f8dcbf2c46c2db85619c8700e3251dbf218763f199d66"},
    {file = "awscrt-0.19.1-cp310-cp310-win32.whl", hash = "sha256:0439830fb61c159d5775358e04db020cccf5b35ea3c943a0396c9de8926fc6b2"},
    {file = "awscrt-0.19.1-cp310-cp310-win_amd64.whl", hash = "sha256:949527c4db51b3d16b4f0b94c0f540d8328f7ace8f7ffd8165a78615d312d3b4"},
    {file = "awscrt-0.19.1-cp311-abi3-macosx_10_9_universal2.whl", hash = "sha256:a034a2ab6afc31555a0a0426544d1f35e16887340ccc9f49c6f93be278e7c93b"},
    {file = "awscrt-0.19.1-cp311-abi3-manylinux_2_17_aarch64.manylinux2014_aarch64.whl", hash = "sha256:255b2cdb7846dcf504beae586060cf4d049ebf9b8842b8458d69adbdbe5ed1f6"},
    {file = "awscrt-0.19.1-cp311-abi3-manylinux_2_17_x86_64.manylinux2014_x86_64.whl", hash = "sha256:1397e9c86e7ae51a109d8c491787780020e78a29084f60f0454932d5eb081b31"},
    {file = "awscrt-0.19.1-cp311-abi3-musllinux_1_1_aarch64.whl", hash = "sha256:617893628e9b40837298c10bb459e7949a7f4a9e8a09c7baddc963131dd1b790"},
    {file = "awscrt-0.19.1-cp311-abi3-musllinux_1_1_x86_64.whl", hash = "sha256:574ec08e1e6d0d01fcd3a7e2e861fe2fa4f2438e88227ce1d9310917f4a9b2c1"},
    {file = "awscrt-0.19.1-cp311-abi3-win32.whl", hash = "sha256:fc7c28ef6e34b698a1e7e49a5618039734c6eb0ce9b524eba2806d628c2d8838"},
    {file = "awscrt-0.19.1-cp311-abi3-win_amd64.whl", hash = "sha256:70264b4f4a900b2bcba5d22eca531b64f934bd766e23dda2495a5da4049606cd"},
    {file = "awscrt-0.19.1-cp37-cp37m-macosx_10_9_x86_64.whl", hash = "sha256:b3eec32130fddc8e5ac8f4a4da6b3d8d8140480a32196cbf52b511fd94fb70c6"},
    {file = "awscrt-0.19.1-cp37-cp37m-manylinux_2_17_aarch64.manylinux2014_aarch64.whl", hash = "sha256:1ebb7a197935da87a448f2aa5c1188972ad17f6459489e60af615d823f7cec5e"},
    {file = "awscrt-0.19.1-cp37-cp37m-manylinux_2_17_x86_64.manylinux2014_x86_64.whl", hash = "sha256:83ac8b6a292a8da4942e8e8d81a72af6abe5236842c562b4d523613b4e6d0b63"},
    {file = "awscrt-0.19.1-cp37-cp37m-manylinux_2_5_i686.manylinux1_i686.whl", hash = "sha256:c31978a611a4e1568c6f9d533403f1fb0f943a7a9481e68429a15ee45bb1fe4d"},
    {file = "awscrt-0.19.1-cp37-cp37m-manylinux_2_5_x86_64.manylinux1_x86_64.whl", hash = "sha256:a307b9cea886f5134e378acd4e923e22b20d0b714b2d27a662d4cd4faa987f02"},
    {file = "awscrt-0.19.1-cp37-cp37m-musllinux_1_1_aarch64.whl", hash = "sha256:edc2af3f48cac2bb0d3a0b4b5c5262cd94844c74429cde9eeefcd08ec455fcd5"},
    {file = "awscrt-0.19.1-cp37-cp37m-musllinux_1_1_x86_64.whl", hash = "sha256:2f31e7bcb9e0e6cee5b6028764549a37e98b4adeca2aa0c2b9ff7f8e3ba4f5d5"},
    {file = "awscrt-0.19.1-cp37-cp37m-win32.whl", hash = "sha256:7f98d56c47c50b95410d4b3cfb1f66d31a24df330707689f4d6f5aedf96219b2"},
    {file = "awscrt-0.19.1-cp37-cp37m-win_amd64.whl", hash = "sha256:e1ed50bc3c8a859fce2928548f47ba2761e9bd3f790c6c334eae4649caf46bf0"},
    {file = "awscrt-0.19.1-cp38-cp38-macosx_10_9_x86_64.whl", hash = "sha256:01fc815919e145838ad9f3ec2bab3d9d0ba4265ae61b2a14b134b77bf820861a"},
    {file = "awscrt-0.19.1-cp38-cp38-manylinux_2_17_aarch64.manylinux2014_aarch64.whl", hash = "sha256:b5339b7cb323c4acc482e2e72735a580cd5decdb66553b435818aed8b3ce0bba"},
    {file = "awscrt-0.19.1-cp38-cp38-manylinux_2_17_x86_64.manylinux2014_x86_64.whl", hash = "sha256:6c3784c95c58553159678eb32744866151de0b3c1f3b2516657dd1e976a9069d"},
    {file = "awscrt-0.19.1-cp38-cp38-manylinux_2_5_i686.manylinux1_i686.whl", hash = "sha256:6a6a4c3f908363f3748f2a2294e0b18abca5d9c6e116e307e5b8e98b47046452"},
    {file = "awscrt-0.19.1-cp38-cp38-manylinux_2_5_x86_64.manylinux1_x86_64.whl", hash = "sha256:fd5ec526abaea3030af002d04c16a868828c20d6190c0c884ad8befb5da70d1e"},
    {file = "awscrt-0.19.1-cp38-cp38-musllinux_1_1_aarch64.whl", hash = "sha256:194b5066c22a6a291347130d7359622b258ac1af5599ece8087b6ddb98675f28"},
    {file = "awscrt-0.19.1-cp38-cp38-musllinux_1_1_x86_64.whl", hash = "sha256:489a4446a282b62937d289d2095e6434c6195d46809aca94c8c5df02fe847a1a"},
    {file = "awscrt-0.19.1-cp38-cp38-win32.whl", hash = "sha256:d3b7c2fd335e6be2d626bf2f69e959d8a843f5d9f19d9f170e359326f9c352f9"},
    {file = "awscrt-0.19.1-cp38-cp38-win_amd64.whl", hash = "sha256:8282fd2054cfcbbe9a33092a506e5b552d9e99b18d6ee390d019a3bfa6f4f406"},
    {file = "awscrt-0.19.1-cp39-cp39-macosx_10_9_universal2.whl", hash = "sha256:bf1afe108e3063f4873e54c0a00b2fdc7a668863bdd8b3a4c88da1d27d8be444"},
    {file = "awscrt-0.19.1-cp39-cp39-manylinux_2_17_aarch64.manylinux2014_aarch64.whl", hash = "sha256:b00a645e68e9052eb6a6c911145e61ca6018930342dd1446c07ed1d3de471bb1"},
    {file = "awscrt-0.19.1-cp39-cp39-manylinux_2_17_x86_64.manylinux2014_x86_64.whl", hash = "sha256:308fd8b6dc69cfefe1e9d259ce72d28936e1244d624aca82e22ec076d5955edd"},
    {file = "awscrt-0.19.1-cp39-cp39-manylinux_2_5_i686.manylinux1_i686.whl", hash = "sha256:595e5cca1556934dd4cfa728cda64c204a9ec94672ddea95ffb2525127ff11db"},
    {file = "awscrt-0.19.1-cp39-cp39-manylinux_2_5_x86_64.manylinux1_x86_64.whl", hash = "sha256:0b3c3bb469d3ebfe2cb099dbc58585d122264faf6a6833df4d293848fdad2065"},
    {file = "awscrt-0.19.1-cp39-cp39-musllinux_1_1_aarch64.whl", hash = "sha256:a4cbc9ba39ee7d8297660c61390fbbe02fac05b6b65475503e97c326cb0a0791"},
    {file = "awscrt-0.19.1-cp39-cp39-musllinux_1_1_x86_64.whl", hash = "sha256:8b26ffed936e0938ece94c97e2640bd6aea78d05a585cade14f38b1d263f6163"},
    {file = "awscrt-0.19.1-cp39-cp39-win32.whl", hash = "sha256:ad2380e93d816766b74e4f3ff612b5e50c20eb4cdb06bb7d242f7981b5f7eb97"},
    {file = "awscrt-0.19.1-cp39-cp39-win_amd64.whl", hash = "sha256:a7e28b6e3837a01f5502d8c9651a7c998985954a612971e9e48ff459d49f0b50"},
    {file = "awscrt-0.19.1.tar.gz", hash = "sha256:9177ff4cac346245ae49635cd6b42a6dbdeae175824519010220d48ac5fff142"},
]

[[package]]
name = "awsiotsdk"
version = "1.19.0"
description = "AWS IoT SDK based on the AWS Common Runtime"
optional = false
python-versions = ">=3.7"
files = [
    {file = "awsiotsdk-1.19.0-py3-none-any.whl", hash = "sha256:94c49254e5c2ebfdcac5b64527b9fb875444d85fb82869ec58b9fc844ff6838c"},
    {file = "awsiotsdk-1.19.0.tar.gz", hash = "sha256:877834142a80a85d77ce6b82233314eaa6816455dfff62f26d6e7d37219ecb34"},
]

[package.dependencies]
awscrt = "0.19.1"

[[package]]
name = "paho-mqtt"
version = "1.6.1"
description = "MQTT version 5.0/3.1.1 client class"
optional = false
python-versions = "*"
files = [
    {file = "paho-mqtt-1.6.1.tar.gz", hash = "sha256:2a8291c81623aec00372b5a85558a372c747cbca8e9934dfe218638b8eefc26f"},
]

[package.extras]
proxy = ["PySocks"]

[metadata]
lock-version = "2.0"
python-versions = "^3.8"
content-hash = "01535b19651a2799b27713fcee85298035bac23a5a926bbd9e655fccbc2e47e0"
